
Microsoft Visual Studio Solution File, Format Version 12.00
# Visual Studio 15
VisualStudioVersion = 15.0.27428.2027
MinimumVisualStudioVersion = 10.0.40219.1
Project("{FAE04EC0-301F-11D3-BF4B-00C04F79EFBC}") = "projetIncident.Android", "projetIncident\projetIncident.Android\projetIncident.Android.csproj", "{BF99F6E4-66D9-480C-9ECC-E32B9260502A}"
EndProject
Project("{FAE04EC0-301F-11D3-BF4B-00C04F79EFBC}") = "projetIncident.iOS", "projetIncident\projetIncident.iOS\projetIncident.iOS.csproj", "{53401B9E-70A1-4DA5-9435-62EB8CAF5A57}"
EndProject
Project("{D954291E-2A0B-460D-934E-DC6B0785DB48}") = "projetIncident", "projetIncident\projetIncident\projetIncident.shproj", "{783BC44F-3B3B-4233-A84D-765D698FBC10}"
EndProject
Global
	GlobalSection(SharedMSBuildProjectFiles) = preSolution
		projetIncident\projetIncident\projetIncident.projitems*{53401b9e-70a1-4da5-9435-62eb8caf5a57}*SharedItemsImports = 4
		projetIncident\projetIncident\projetIncident.projitems*{783bc44f-3b3b-4233-a84d-765d698fbc10}*SharedItemsImports = 13
		projetIncident\projetIncident\projetIncident.projitems*{bf99f6e4-66d9-480c-9ecc-e32b9260502a}*SharedItemsImports = 4
	EndGlobalSection
	GlobalSection(SolutionConfigurationPlatforms) = preSolution
		Ad-Hoc|Any CPU = Ad-Hoc|Any CPU
		Ad-Hoc|iPhone = Ad-Hoc|iPhone
		Ad-Hoc|iPhoneSimulator = Ad-Hoc|iPhoneSimulator
		AppStore|Any CPU = AppStore|Any CPU
		AppStore|iPhone = AppStore|iPhone
		AppStore|iPhoneSimulator = AppStore|iPhoneSimulator
		Debug|Any CPU = Debug|Any CPU
		Debug|iPhone = Debug|iPhone
		Debug|iPhoneSimulator = Debug|iPhoneSimulator
		Release|Any CPU = Release|Any CPU
		Release|iPhone = Release|iPhone
		Release|iPhoneSimulator = Release|iPhoneSimulator
	EndGlobalSection
	GlobalSection(ProjectConfigurationPlatforms) = postSolution
		{BF99F6E4-66D9-480C-9ECC-E32B9260502A}.Ad-Hoc|Any CPU.ActiveCfg = Release|Any CPU
		{BF99F6E4-66D9-480C-9ECC-E32B9260502A}.Ad-Hoc|Any CPU.Build.0 = Release|Any CPU
		{BF99F6E4-66D9-480C-9ECC-E32B9260502A}.Ad-Hoc|Any CPU.Deploy.0 = Release|Any CPU
		{BF99F6E4-66D9-480C-9ECC-E32B9260502A}.Ad-Hoc|iPhone.ActiveCfg = Release|Any CPU
		{BF99F6E4-66D9-480C-9ECC-E32B9260502A}.Ad-Hoc|iPhone.Build.0 = Release|Any CPU
		{BF99F6E4-66D9-480C-9ECC-E32B9260502A}.Ad-Hoc|iPhone.Deploy.0 = Release|Any CPU
		{BF99F6E4-66D9-480C-9ECC-E32B9260502A}.Ad-Hoc|iPhoneSimulator.ActiveCfg = Release|Any CPU
		{BF99F6E4-66D9-480C-9ECC-E32B9260502A}.Ad-Hoc|iPhoneSimulator.Build.0 = Release|Any CPU
		{BF99F6E4-66D9-480C-9ECC-E32B9260502A}.Ad-Hoc|iPhoneSimulator.Deploy.0 = Release|Any CPU
		{BF99F6E4-66D9-480C-9ECC-E32B9260502A}.AppStore|Any CPU.ActiveCfg = Release|Any CPU
		{BF99F6E4-66D9-480C-9ECC-E32B9260502A}.AppStore|Any CPU.Build.0 = Release|Any CPU
		{BF99F6E4-66D9-480C-9ECC-E32B9260502A}.AppStore|Any CPU.Deploy.0 = Release|Any CPU
		{BF99F6E4-66D9-480C-9ECC-E32B9260502A}.AppStore|iPhone.ActiveCfg = Release|Any CPU
		{BF99F6E4-66D9-480C-9ECC-E32B9260502A}.AppStore|iPhone.Build.0 = Release|Any CPU
		{BF99F6E4-66D9-480C-9ECC-E32B9260502A}.AppStore|iPhone.Deploy.0 = Release|Any CPU
		{BF99F6E4-66D9-480C-9ECC-E32B9260502A}.AppStore|iPhoneSimulator.ActiveCfg = Release|Any CPU
		{BF99F6E4-66D9-480C-9ECC-E32B9260502A}.AppStore|iPhoneSimulator.Build.0 = Release|Any CPU
		{BF99F6E4-66D9-480C-9ECC-E32B9260502A}.AppStore|iPhoneSimulator.Deploy.0 = Release|Any CPU
		{BF99F6E4-66D9-480C-9ECC-E32B9260502A}.Debug|Any CPU.ActiveCfg = Debug|Any CPU
		{BF99F6E4-66D9-480C-9ECC-E32B9260502A}.Debug|Any CPU.Build.0 = Debug|Any CPU
		{BF99F6E4-66D9-480C-9ECC-E32B9260502A}.Debug|Any CPU.Deploy.0 = Debug|Any CPU
		{BF99F6E4-66D9-480C-9ECC-E32B9260502A}.Debug|iPhone.ActiveCfg = Debug|Any CPU
		{BF99F6E4-66D9-480C-9ECC-E32B9260502A}.Debug|iPhone.Build.0 = Debug|Any CPU
		{BF99F6E4-66D9-480C-9ECC-E32B9260502A}.Debug|iPhone.Deploy.0 = Debug|Any CPU
		{BF99F6E4-66D9-480C-9ECC-E32B9260502A}.Debug|iPhoneSimulator.ActiveCfg = Debug|Any CPU
		{BF99F6E4-66D9-480C-9ECC-E32B9260502A}.Debug|iPhoneSimulator.Build.0 = Debug|Any CPU
		{BF99F6E4-66D9-480C-9ECC-E32B9260502A}.Debug|iPhoneSimulator.Deploy.0 = Debug|Any CPU
		{BF99F6E4-66D9-480C-9ECC-E32B9260502A}.Release|Any CPU.ActiveCfg = Release|Any CPU
		{BF99F6E4-66D9-480C-9ECC-E32B9260502A}.Release|Any CPU.Build.0 = Release|Any CPU
		{BF99F6E4-66D9-480C-9ECC-E32B9260502A}.Release|Any CPU.Deploy.0 = Release|Any CPU
		{BF99F6E4-66D9-480C-9ECC-E32B9260502A}.Release|iPhone.ActiveCfg = Release|Any CPU
		{BF99F6E4-66D9-480C-9ECC-E32B9260502A}.Release|iPhone.Build.0 = Release|Any CPU
		{BF99F6E4-66D9-480C-9ECC-E32B9260502A}.Release|iPhone.Deploy.0 = Release|Any CPU
		{BF99F6E4-66D9-480C-9ECC-E32B9260502A}.Release|iPhoneSimulator.ActiveCfg = Release|Any CPU
		{BF99F6E4-66D9-480C-9ECC-E32B9260502A}.Release|iPhoneSimulator.Build.0 = Release|Any CPU
		{BF99F6E4-66D9-480C-9ECC-E32B9260502A}.Release|iPhoneSimulator.Deploy.0 = Release|Any CPU
		{53401B9E-70A1-4DA5-9435-62EB8CAF5A57}.Ad-Hoc|Any CPU.ActiveCfg = Ad-Hoc|iPhone
		{53401B9E-70A1-4DA5-9435-62EB8CAF5A57}.Ad-Hoc|iPhone.ActiveCfg = Ad-Hoc|iPhone
		{53401B9E-70A1-4DA5-9435-62EB8CAF5A57}.Ad-Hoc|iPhone.Build.0 = Ad-Hoc|iPhone
		{53401B9E-70A1-4DA5-9435-62EB8CAF5A57}.Ad-Hoc|iPhoneSimulator.ActiveCfg = Ad-Hoc|iPhoneSimulator
		{53401B9E-70A1-4DA5-9435-62EB8CAF5A57}.Ad-Hoc|iPhoneSimulator.Build.0 = Ad-Hoc|iPhoneSimulator
		{53401B9E-70A1-4DA5-9435-62EB8CAF5A57}.AppStore|Any CPU.ActiveCfg = AppStore|iPhone
		{53401B9E-70A1-4DA5-9435-62EB8CAF5A57}.AppStore|iPhone.ActiveCfg = AppStore|iPhone
		{53401B9E-70A1-4DA5-9435-62EB8CAF5A57}.AppStore|iPhone.Build.0 = AppStore|iPhone
		{53401B9E-70A1-4DA5-9435-62EB8CAF5A57}.AppStore|iPhoneSimulator.ActiveCfg = AppStore|iPhoneSimulator
		{53401B9E-70A1-4DA5-9435-62EB8CAF5A57}.AppStore|iPhoneSimulator.Build.0 = AppStore|iPhoneSimulator
		{53401B9E-70A1-4DA5-9435-62EB8CAF5A57}.Debug|Any CPU.ActiveCfg = Debug|iPhone
		{53401B9E-70A1-4DA5-9435-62EB8CAF5A57}.Debug|iPhone.ActiveCfg = Debug|iPhone
		{53401B9E-70A1-4DA5-9435-62EB8CAF5A57}.Debug|iPhone.Build.0 = Debug|iPhone
		{53401B9E-70A1-4DA5-9435-62EB8CAF5A57}.Debug|iPhoneSimulator.ActiveCfg = Debug|iPhoneSimulator
		{53401B9E-70A1-4DA5-9435-62EB8CAF5A57}.Debug|iPhoneSimulator.Build.0 = Debug|iPhoneSimulator
		{53401B9E-70A1-4DA5-9435-62EB8CAF5A57}.Release|Any CPU.ActiveCfg = Release|iPhone
		{53401B9E-70A1-4DA5-9435-62EB8CAF5A57}.Release|iPhone.ActiveCfg = Release|iPhone
		{53401B9E-70A1-4DA5-9435-62EB8CAF5A57}.Release|iPhone.Build.0 = Release|iPhone
		{53401B9E-70A1-4DA5-9435-62EB8CAF5A57}.Release|iPhoneSimulator.ActiveCfg = Release|iPhoneSimulator
		{53401B9E-70A1-4DA5-9435-62EB8CAF5A57}.Release|iPhoneSimulator.Build.0 = Release|iPhoneSimulator
	EndGlobalSection
	GlobalSection(SolutionProperties) = preSolution
		HideSolutionNode = FALSE
	EndGlobalSection
	GlobalSection(ExtensibilityGlobals) = postSolution
		SolutionGuid = {CC605290-52DE-45C3-B855-14A35F7B5AF7}
	EndGlobalSection
EndGlobal
